apiVersion: vendir.k14s.io/v1alpha1
directories:
- contents:
  - configDigest: 757f3bd15cc9b9e0b593fa119dcb889a8bf7d650b02cd6cddcbc5080c2ba8df3
    helmChart:
      appVersion: v1.6.2
      version: 1.6.2
    path: .
  path: .myks/vendir-cache/helm-longhorn-1.6.2-efd94ce36ddf7eb4/data
kind: LockConfig
